schema: '2.0'
stages:
  split:
    cmd: python src_dvc/split.py
    deps:
    - path: resources/data.txt
      md5: 8c35c6a60f23f9c975429dabc3c946ca
      size: 28
    - path: src_dvc/split.py
      md5: 1b604e03063f563c9e60b158169f8696
      size: 556
    params:
      params.yaml:
        split:
          seed: 42
          valid_size: 0.2
    outs:
    - path: resources/test.txt
      md5: 6f94ece450c911016605be81f672a635
      size: 16
    - path: resources/train.txt
      md5: 368e4ff9375ea97193de979ac436b77b
      size: 14
  train:
    cmd: python src_dvc/train.py
    deps:
    - path: resources/train.txt
      md5: 368e4ff9375ea97193de979ac436b77b
      size: 14
    - path: src_dvc/train.py
      md5: 51b7be03e2703e81883135e3efb83191
      size: 900
    params:
      params.yaml:
        train:
          seed: 42
          positive_zero: true
    outs:
    - path: resources/model.txt
      md5: 2aabf8c3803b27f1f695636c0e19c68f
      size: 8
  eval:
    cmd: python src_dvc/eval.py
    deps:
    - path: resources/model.txt
      md5: 2aabf8c3803b27f1f695636c0e19c68f
      size: 8
    - path: resources/test.txt
      md5: 6f94ece450c911016605be81f672a635
      size: 16
    - path: src_dvc/eval.py
      md5: dcb678be7a603615428d61d994c74120
      size: 946
    params:
      params.yaml:
        eval:
          seed: 42
    outs:
    - path: metrics.json
      md5: 911e593fa6f8e3e915d10cf55b455b1b
      size: 66
